
Microsoft Visual Studio Solution File, Format Version 12.00
# Visual Studio Version 17
VisualStudioVersion = 17.3.32811.315
MinimumVisualStudioVersion = 10.0.40219.1
Project("{FAE04EC0-301F-11D3-BF4B-00C04F79EFBC}") = "Wizulane_Laby_1", "Wizulane_Laby_1.csproj", "{D6CE9B9A-29D5-4A9D-88D9-A033DF3FE099}"
EndProject
Global
	GlobalSection(SolutionConfigurationPlatforms) = preSolution
		Debug|Any CPU = Debug|Any CPU
		Release|Any CPU = Release|Any CPU
	EndGlobalSection
	GlobalSection(ProjectConfigurationPlatforms) = postSolution
		{D6CE9B9A-29D5-4A9D-88D9-A033DF3FE099}.Debug|Any CPU.ActiveCfg = Debug|Any CPU
		{D6CE9B9A-29D5-4A9D-88D9-A033DF3FE099}.Debug|Any CPU.Build.0 = Debug|Any CPU
		{D6CE9B9A-29D5-4A9D-88D9-A033DF3FE099}.Release|Any CPU.ActiveCfg = Release|Any CPU
		{D6CE9B9A-29D5-4A9D-88D9-A033DF3FE099}.Release|Any CPU.Build.0 = Release|Any CPU
	EndGlobalSection
	GlobalSection(SolutionProperties) = preSolution
		HideSolutionNode = FALSE
	EndGlobalSection
	GlobalSection(ExtensibilityGlobals) = postSolution
		SolutionGuid = {30E79D4F-6536-4FD7-89D6-EE4E0A0EB35B}
	EndGlobalSection
EndGlobal
